
Microsoft Visual Studio Solution File, Format Version 12.00
Project("{FAE04EC0-301F-11D3-BF4B-00C04F79EFBC}") = "CMM.PolicyFilter", "CMM.PolicyFilter\CMM.PolicyFilter.csproj", "{9F286BA3-9A22-4436-88FD-CA865A487610}"
EndProject
Global
	GlobalSection(SolutionConfigurationPlatforms) = preSolution
		Debug|Any CPU = Debug|Any CPU
		Release|Any CPU = Release|Any CPU
	EndGlobalSection
	GlobalSection(ProjectConfigurationPlatforms) = postSolution
		{9F286BA3-9A22-4436-88FD-CA865A487610}.Debug|Any CPU.ActiveCfg = Debug|Any CPU
		{9F286BA3-9A22-4436-88FD-CA865A487610}.Debug|Any CPU.Build.0 = Debug|Any CPU
		{9F286BA3-9A22-4436-88FD-CA865A487610}.Release|Any CPU.ActiveCfg = Release|Any CPU
		{9F286BA3-9A22-4436-88FD-CA865A487610}.Release|Any CPU.Build.0 = Release|Any CPU
	EndGlobalSection
EndGlobal
